
Microsoft Visual Studio Solution File, Format Version 12.00
# Visual Studio Version 17
VisualStudioVersion = 17.7.34031.279
MinimumVisualStudioVersion = 10.0.40219.1
Project("{FAE04EC0-301F-11D3-BF4B-00C04F79EFBC}") = "WebApi_jsTask", "WebApi_jsTask.csproj", "{10632B10-89D6-4008-9695-B9B9EEBDC734}"
EndProject
Global
	GlobalSection(SolutionConfigurationPlatforms) = preSolution
		Debug|Any CPU = Debug|Any CPU
		Release|Any CPU = Release|Any CPU
	EndGlobalSection
	GlobalSection(ProjectConfigurationPlatforms) = postSolution
		{10632B10-89D6-4008-9695-B9B9EEBDC734}.Debug|Any CPU.ActiveCfg = Debug|Any CPU
		{10632B10-89D6-4008-9695-B9B9EEBDC734}.Debug|Any CPU.Build.0 = Debug|Any CPU
		{10632B10-89D6-4008-9695-B9B9EEBDC734}.Release|Any CPU.ActiveCfg = Release|Any CPU
		{10632B10-89D6-4008-9695-B9B9EEBDC734}.Release|Any CPU.Build.0 = Release|Any CPU
	EndGlobalSection
	GlobalSection(SolutionProperties) = preSolution
		HideSolutionNode = FALSE
	EndGlobalSection
	GlobalSection(ExtensibilityGlobals) = postSolution
		SolutionGuid = {7922A471-87DF-46CF-8178-3A06D2B1A5CD}
	EndGlobalSection
EndGlobal
